<Solution>
  <Project Path="12_2_1_remove nodes in list that match val/12_2_1_remove nodes in list that match val.csproj" Id="5564b069-7dbe-4207-abbd-229dafc36deb" />
  <Project Path="12_3_1_ransomnote_magazine/12_3_1_ransomnote_magazine.csproj" />
  <Project Path="12_3_2_linkedList_palindrome/12_3_2_linkedList_palindrome.csproj" />
</Solution>
